{
  "name": "my-app",
  "version": "0.1.0",
  "lockfileVersion": 1,
  "requires": true,
  "dependencies": {
    "logger": {
      "version": "0.0.1",
      "resolved": "https://registry.npmjs.org/logger/-/logger-0.0.1.tgz",
      "integrity": "sha1-ywgXH4pvb2dLhJna31C+1L77csQ="
    },
    "react-alert": {
      "version": "4.0.4",
      "resolved": "https://registry.npmjs.org/react-alert/-/react-alert-4.0.4.tgz",
      "integrity": "sha512-PYy+FXrgp+WziSVO8t4DRpDVRP4g5jLBHrSpEYMGKmosEG2+Tjcevwwzic3znOwVLpBVlbDH9w2L2yyQOGJuIA=="
    },
    "react-alert-template-basic": {
      "version": "1.0.0",
      "resolved": "https://registry.npmjs.org/react-alert-template-basic/-/react-alert-template-basic-1.0.0.tgz",
      "integrity": "sha512-6x5Us0oc+jj8BDNkvSWfQMESk5SdyGKitXdLb7CwIlIlecyATjCTKSWpLABg8tpKAPOSJu4Dv/fYUqxXEio/XA=="
    }
  }
}
